
Microsoft Visual Studio Solution File, Format Version 12.00
# Visual Studio 15
VisualStudioVersion = 15.0.28307.136
MinimumVisualStudioVersion = 10.0.40219.1
Project("{9A19103F-16F7-4668-BE54-9A1E7A4F7556}") = "AdventCalender", "AdventCalender\AdventCalender.csproj", "{EC80BDCD-DBC6-404E-9DEC-7131B7F3953A}"
EndProject
Project("{FAE04EC0-301F-11D3-BF4B-00C04F79EFBC}") = "AdventCalenderTests", "AdventCalenderTests\AdventCalenderTests.csproj", "{A009E8A5-A4E6-4575-B664-2D9A2E4F48ED}"
EndProject
Global
	GlobalSection(SolutionConfigurationPlatforms) = preSolution
		Debug|Any CPU = Debug|Any CPU
		Release|Any CPU = Release|Any CPU
	EndGlobalSection
	GlobalSection(ProjectConfigurationPlatforms) = postSolution
		{EC80BDCD-DBC6-404E-9DEC-7131B7F3953A}.Debug|Any CPU.ActiveCfg = Debug|Any CPU
		{EC80BDCD-DBC6-404E-9DEC-7131B7F3953A}.Debug|Any CPU.Build.0 = Debug|Any CPU
		{EC80BDCD-DBC6-404E-9DEC-7131B7F3953A}.Release|Any CPU.ActiveCfg = Release|Any CPU
		{EC80BDCD-DBC6-404E-9DEC-7131B7F3953A}.Release|Any CPU.Build.0 = Release|Any CPU
		{A009E8A5-A4E6-4575-B664-2D9A2E4F48ED}.Debug|Any CPU.ActiveCfg = Debug|Any CPU
		{A009E8A5-A4E6-4575-B664-2D9A2E4F48ED}.Debug|Any CPU.Build.0 = Debug|Any CPU
		{A009E8A5-A4E6-4575-B664-2D9A2E4F48ED}.Release|Any CPU.ActiveCfg = Release|Any CPU
		{A009E8A5-A4E6-4575-B664-2D9A2E4F48ED}.Release|Any CPU.Build.0 = Release|Any CPU
	EndGlobalSection
	GlobalSection(SolutionProperties) = preSolution
		HideSolutionNode = FALSE
	EndGlobalSection
	GlobalSection(ExtensibilityGlobals) = postSolution
		SolutionGuid = {4016CC60-263C-4EF3-89D0-5078962B161B}
	EndGlobalSection
EndGlobal
