
Microsoft Visual Studio Solution File, Format Version 12.00
# Visual Studio Version 16
VisualStudioVersion = 16.0.29306.81
MinimumVisualStudioVersion = 10.0.40219.1
Project("{FAE04EC0-301F-11D3-BF4B-00C04F79EFBC}") = "AdventCalender", "AdventCalender\AdventCalender.csproj", "{EC80BDCD-DBC6-404E-9DEC-7131B7F3953A}"
EndProject
Project("{FAE04EC0-301F-11D3-BF4B-00C04F79EFBC}") = "ProblemOne", "ProblemOne\ProblemOne.csproj", "{9E34B775-57E6-4947-BD4D-3B9100A5D596}"
EndProject
Project("{FAE04EC0-301F-11D3-BF4B-00C04F79EFBC}") = "ProblemTwo", "ProblemTwo\ProblemTwo.csproj", "{ADCC620F-4305-430B-BE72-5FF4376D57EC}"
EndProject
Global
	GlobalSection(SolutionConfigurationPlatforms) = preSolution
		Debug|Any CPU = Debug|Any CPU
		Release|Any CPU = Release|Any CPU
	EndGlobalSection
	GlobalSection(ProjectConfigurationPlatforms) = postSolution
		{EC80BDCD-DBC6-404E-9DEC-7131B7F3953A}.Debug|Any CPU.ActiveCfg = Debug|Any CPU
		{EC80BDCD-DBC6-404E-9DEC-7131B7F3953A}.Debug|Any CPU.Build.0 = Debug|Any CPU
		{EC80BDCD-DBC6-404E-9DEC-7131B7F3953A}.Release|Any CPU.ActiveCfg = Release|Any CPU
		{EC80BDCD-DBC6-404E-9DEC-7131B7F3953A}.Release|Any CPU.Build.0 = Release|Any CPU
		{9E34B775-57E6-4947-BD4D-3B9100A5D596}.Debug|Any CPU.ActiveCfg = Debug|Any CPU
		{9E34B775-57E6-4947-BD4D-3B9100A5D596}.Debug|Any CPU.Build.0 = Debug|Any CPU
		{9E34B775-57E6-4947-BD4D-3B9100A5D596}.Release|Any CPU.ActiveCfg = Release|Any CPU
		{9E34B775-57E6-4947-BD4D-3B9100A5D596}.Release|Any CPU.Build.0 = Release|Any CPU
		{ADCC620F-4305-430B-BE72-5FF4376D57EC}.Debug|Any CPU.ActiveCfg = Debug|Any CPU
		{ADCC620F-4305-430B-BE72-5FF4376D57EC}.Debug|Any CPU.Build.0 = Debug|Any CPU
		{ADCC620F-4305-430B-BE72-5FF4376D57EC}.Release|Any CPU.ActiveCfg = Release|Any CPU
		{ADCC620F-4305-430B-BE72-5FF4376D57EC}.Release|Any CPU.Build.0 = Release|Any CPU
	EndGlobalSection
	GlobalSection(SolutionProperties) = preSolution
		HideSolutionNode = FALSE
	EndGlobalSection
	GlobalSection(ExtensibilityGlobals) = postSolution
		SolutionGuid = {4016CC60-263C-4EF3-89D0-5078962B161B}
	EndGlobalSection
EndGlobal
